// !$*UTF8*$!
{
	archiveVersion = 1;
	classes = {
	};
	objectVersion = 50;
	objects = {

/* Begin PBXBuildFile section */
		DD8F006922985049009E10A1 /* AppDelegate.swift in Sources */ = {isa = PBXBuildFile; fileRef = DD8F006822985049009E10A1 /* AppDelegate.swift */; };
		DD8F006B22985049009E10A1 /* MainViewController.swift in Sources */ = {isa = PBXBuildFile; fileRef = DD8F006A22985049009E10A1 /* MainViewController.swift */; };
		DD8F006E22985049009E10A1 /* Main.storyboard in Resources */ = {isa = PBXBuildFile; fileRef = DD8F006C22985049009E10A1 /* Main.storyboard */; };
		DD8F007122985049009E10A1 /* SCMovieApp.xcdatamodeld in Sources */ = {isa = PBXBuildFile; fileRef = DD8F006F22985049009E10A1 /* SCMovieApp.xcdatamodeld */; };
		DD8F00732298504B009E10A1 /* Assets.xcassets in Resources */ = {isa = PBXBuildFile; fileRef = DD8F00722298504B009E10A1 /* Assets.xcassets */; };
		DD8F00762298504B009E10A1 /* LaunchScreen.storyboard in Resources */ = {isa = PBXBuildFile; fileRef = DD8F00742298504B009E10A1 /* LaunchScreen.storyboard */; };
		DD8F008422985104009E10A1 /* ContextExtension.swift in Sources */ = {isa = PBXBuildFile; fileRef = DD8F008122985104009E10A1 /* ContextExtension.swift */; };
		DD8F008522985104009E10A1 /* ManagedObjectExtension.swift in Sources */ = {isa = PBXBuildFile; fileRef = DD8F008222985104009E10A1 /* ManagedObjectExtension.swift */; };
		DD8F008622985104009E10A1 /* PersistentContainerExtensions.swift in Sources */ = {isa = PBXBuildFile; fileRef = DD8F008322985104009E10A1 /* PersistentContainerExtensions.swift */; };
		DD8F008B2298572C009E10A1 /* UIColorExtension.swift in Sources */ = {isa = PBXBuildFile; fileRef = DD8F008A2298572C009E10A1 /* UIColorExtension.swift */; };
		DD8F008F229859CD009E10A1 /* MovieTableViewCell.swift in Sources */ = {isa = PBXBuildFile; fileRef = DD8F008E229859CD009E10A1 /* MovieTableViewCell.swift */; };
		DD8F0092229859ED009E10A1 /* MovieTableViewCell.xib in Resources */ = {isa = PBXBuildFile; fileRef = DD8F0091229859ED009E10A1 /* MovieTableViewCell.xib */; };
		DD8F009422986136009E10A1 /* CALayerExtension.swift in Sources */ = {isa = PBXBuildFile; fileRef = DD8F009322986136009E10A1 /* CALayerExtension.swift */; };
		DD8F0096229865D8009E10A1 /* MovieDetailViewController.swift in Sources */ = {isa = PBXBuildFile; fileRef = DD8F0095229865D8009E10A1 /* MovieDetailViewController.swift */; };
		DD8F009922986602009E10A1 /* TagView.swift in Sources */ = {isa = PBXBuildFile; fileRef = DD8F009822986602009E10A1 /* TagView.swift */; };
		DD8F009B22986913009E10A1 /* MovieHeaderStateView.xib in Resources */ = {isa = PBXBuildFile; fileRef = DD8F009A22986913009E10A1 /* MovieHeaderStateView.xib */; };
		DD8F009D22986E7A009E10A1 /* MovieHeaderStateView.swift in Sources */ = {isa = PBXBuildFile; fileRef = DD8F009C22986E7A009E10A1 /* MovieHeaderStateView.swift */; };
		DD8F009F22987262009E10A1 /* UIViewXRadialGradient.swift in Sources */ = {isa = PBXBuildFile; fileRef = DD8F009E22987262009E10A1 /* UIViewXRadialGradient.swift */; };
		DD8F00A122987683009E10A1 /* UISearchControllerExtension.swift in Sources */ = {isa = PBXBuildFile; fileRef = DD8F00A022987683009E10A1 /* UISearchControllerExtension.swift */; };
/* End PBXBuildFile section */

/* Begin PBXFileReference section */
		DD8F006522985049009E10A1 /* SCMovieApp.app */ = {isa = PBXFileReference; explicitFileType = wrapper.application; includeInIndex = 0; path = SCMovieApp.app; sourceTree = BUILT_PRODUCTS_DIR; };
		DD8F006822985049009E10A1 /* AppDelegate.swift */ = {isa = PBXFileReference; lastKnownFileType = sourcecode.swift; path = AppDelegate.swift; sourceTree = "<group>"; };
		DD8F006A22985049009E10A1 /* MainViewController.swift */ = {isa = PBXFileReference; lastKnownFileType = sourcecode.swift; path = MainViewController.swift; sourceTree = "<group>"; };
		DD8F006D22985049009E10A1 /* Base */ = {isa = PBXFileReference; lastKnownFileType = file.storyboard; name = Base; path = Base.lproj/Main.storyboard; sourceTree = "<group>"; };
		DD8F007022985049009E10A1 /* SCMovieApp.xcdatamodel */ = {isa = PBXFileReference; lastKnownFileType = wrapper.xcdatamodel; path = SCMovieApp.xcdatamodel; sourceTree = "<group>"; };
		DD8F00722298504B009E10A1 /* Assets.xcassets */ = {isa = PBXFileReference; lastKnownFileType = folder.assetcatalog; path = Assets.xcassets; sourceTree = "<group>"; };
		DD8F00752298504B009E10A1 /* Base */ = {isa = PBXFileReference; lastKnownFileType = file.storyboard; name = Base; path = Base.lproj/LaunchScreen.storyboard; sourceTree = "<group>"; };
		DD8F00772298504B009E10A1 /* Info.plist */ = {isa = PBXFileReference; lastKnownFileType = text.plist.xml; path = Info.plist; sourceTree = "<group>"; };
		DD8F008122985104009E10A1 /* ContextExtension.swift */ = {isa = PBXFileReference; fileEncoding = 4; lastKnownFileType = sourcecode.swift; path = ContextExtension.swift; sourceTree = "<group>"; };
		DD8F008222985104009E10A1 /* ManagedObjectExtension.swift */ = {isa = PBXFileReference; fileEncoding = 4; lastKnownFileType = sourcecode.swift; path = ManagedObjectExtension.swift; sourceTree = "<group>"; };
		DD8F008322985104009E10A1 /* PersistentContainerExtensions.swift */ = {isa = PBXFileReference; fileEncoding = 4; lastKnownFileType = sourcecode.swift; path = PersistentContainerExtensions.swift; sourceTree = "<group>"; };
		DD8F008A2298572C009E10A1 /* UIColorExtension.swift */ = {isa = PBXFileReference; lastKnownFileType = sourcecode.swift; name = UIColorExtension.swift; path = SCMovieApp/SupportingFiles/UIColorExtension.swift; sourceTree = SOURCE_ROOT; };
		DD8F008E229859CD009E10A1 /* MovieTableViewCell.swift */ = {isa = PBXFileReference; lastKnownFileType = sourcecode.swift; path = MovieTableViewCell.swift; sourceTree = "<group>"; };
		DD8F0091229859ED009E10A1 /* MovieTableViewCell.xib */ = {isa = PBXFileReference; lastKnownFileType = file.xib; path = MovieTableViewCell.xib; sourceTree = "<group>"; };
		DD8F009322986136009E10A1 /* CALayerExtension.swift */ = {isa = PBXFileReference; lastKnownFileType = sourcecode.swift; path = CALayerExtension.swift; sourceTree = "<group>"; };
		DD8F0095229865D8009E10A1 /* MovieDetailViewController.swift */ = {isa = PBXFileReference; lastKnownFileType = sourcecode.swift; path = MovieDetailViewController.swift; sourceTree = "<group>"; };
		DD8F009822986602009E10A1 /* TagView.swift */ = {isa = PBXFileReference; lastKnownFileType = sourcecode.swift; path = TagView.swift; sourceTree = "<group>"; };
		DD8F009A22986913009E10A1 /* MovieHeaderStateView.xib */ = {isa = PBXFileReference; lastKnownFileType = file.xib; path = MovieHeaderStateView.xib; sourceTree = "<group>"; };
		DD8F009C22986E7A009E10A1 /* MovieHeaderStateView.swift */ = {isa = PBXFileReference; lastKnownFileType = sourcecode.swift; path = MovieHeaderStateView.swift; sourceTree = "<group>"; };
		DD8F009E22987262009E10A1 /* UIViewXRadialGradient.swift */ = {isa = PBXFileReference; fileEncoding = 4; lastKnownFileType = sourcecode.swift; path = UIViewXRadialGradient.swift; sourceTree = "<group>"; };
		DD8F00A022987683009E10A1 /* UISearchControllerExtension.swift */ = {isa = PBXFileReference; lastKnownFileType = sourcecode.swift; path = UISearchControllerExtension.swift; sourceTree = "<group>"; };
/* End PBXFileReference section */

/* Begin PBXFrameworksBuildPhase section */
		DD8F006222985048009E10A1 /* Frameworks */ = {
			isa = PBXFrameworksBuildPhase;
			buildActionMask = 2147483647;
			files = (
			);
			runOnlyForDeploymentPostprocessing = 0;
		};
/* End PBXFrameworksBuildPhase section */

/* Begin PBXGroup section */
		DD8F005C22985048009E10A1 = {
			isa = PBXGroup;
			children = (
				DD8F006722985049009E10A1 /* SCMovieApp */,
				DD8F006622985049009E10A1 /* Products */,
			);
			sourceTree = "<group>";
		};
		DD8F006622985049009E10A1 /* Products */ = {
			isa = PBXGroup;
			children = (
				DD8F006522985049009E10A1 /* SCMovieApp.app */,
			);
			name = Products;
			sourceTree = "<group>";
		};
		DD8F006722985049009E10A1 /* SCMovieApp */ = {
			isa = PBXGroup;
			children = (
				DD8F008922985701009E10A1 /* Extensions */,
				DD8F007D229850D7009E10A1 /* Data */,
				DD8F008C229859A1009E10A1 /* UI */,
				DD8F008722985152009E10A1 /* SupportingFiles */,
			);
			path = SCMovieApp;
			sourceTree = "<group>";
		};
		DD8F007D229850D7009E10A1 /* Data */ = {
			isa = PBXGroup;
			children = (
				DD8F00882298531C009E10A1 /* Database */,
				DD8F0080229850EA009E10A1 /* CoreDataHelper */,
			);
			path = Data;
			sourceTree = "<group>";
		};
		DD8F0080229850EA009E10A1 /* CoreDataHelper */ = {
			isa = PBXGroup;
			children = (
				DD8F008122985104009E10A1 /* ContextExtension.swift */,
				DD8F008222985104009E10A1 /* ManagedObjectExtension.swift */,
				DD8F008322985104009E10A1 /* PersistentContainerExtensions.swift */,
			);
			path = CoreDataHelper;
			sourceTree = "<group>";
		};
		DD8F008722985152009E10A1 /* SupportingFiles */ = {
			isa = PBXGroup;
			children = (
				DD8F006822985049009E10A1 /* AppDelegate.swift */,
				DD8F00722298504B009E10A1 /* Assets.xcassets */,
				DD8F00742298504B009E10A1 /* LaunchScreen.storyboard */,
				DD8F00772298504B009E10A1 /* Info.plist */,
			);
			path = SupportingFiles;
			sourceTree = "<group>";
		};
		DD8F00882298531C009E10A1 /* Database */ = {
			isa = PBXGroup;
			children = (
				DD8F006F22985049009E10A1 /* SCMovieApp.xcdatamodeld */,
			);
			path = Database;
			sourceTree = "<group>";
		};
		DD8F008922985701009E10A1 /* Extensions */ = {
			isa = PBXGroup;
			children = (
				DD8F008A2298572C009E10A1 /* UIColorExtension.swift */,
				DD8F009322986136009E10A1 /* CALayerExtension.swift */,
				DD8F00A022987683009E10A1 /* UISearchControllerExtension.swift */,
			);
			path = Extensions;
			sourceTree = "<group>";
		};
		DD8F008C229859A1009E10A1 /* UI */ = {
			isa = PBXGroup;
			children = (
				DD8F0097229865E8009E10A1 /* CustomViews */,
				DD8F008D229859AC009E10A1 /* MovieCell */,
				DD8F006A22985049009E10A1 /* MainViewController.swift */,
				DD8F006C22985049009E10A1 /* Main.storyboard */,
				DD8F0095229865D8009E10A1 /* MovieDetailViewController.swift */,
			);
			path = UI;
			sourceTree = "<group>";
		};
		DD8F008D229859AC009E10A1 /* MovieCell */ = {
			isa = PBXGroup;
			children = (
				DD8F008E229859CD009E10A1 /* MovieTableViewCell.swift */,
				DD8F0091229859ED009E10A1 /* MovieTableViewCell.xib */,
			);
			path = MovieCell;
			sourceTree = "<group>";
		};
		DD8F0097229865E8009E10A1 /* CustomViews */ = {
			isa = PBXGroup;
			children = (
				DD8F009E22987262009E10A1 /* UIViewXRadialGradient.swift */,
				DD8F009822986602009E10A1 /* TagView.swift */,
				DD8F009A22986913009E10A1 /* MovieHeaderStateView.xib */,
				DD8F009C22986E7A009E10A1 /* MovieHeaderStateView.swift */,
			);
			path = CustomViews;
			sourceTree = "<group>";
		};
/* End PBXGroup section */

/* Begin PBXNativeTarget section */
		DD8F006422985048009E10A1 /* SCMovieApp */ = {
			isa = PBXNativeTarget;
			buildConfigurationList = DD8F007A2298504B009E10A1 /* Build configuration list for PBXNativeTarget "SCMovieApp" */;
			buildPhases = (
				DD8F006122985048009E10A1 /* Sources */,
				DD8F006222985048009E10A1 /* Frameworks */,
				DD8F006322985048009E10A1 /* Resources */,
			);
			buildRules = (
			);
			dependencies = (
			);
			name = SCMovieApp;
			productName = SCMovieApp;
			productReference = DD8F006522985049009E10A1 /* SCMovieApp.app */;
			productType = "com.apple.product-type.application";
		};
/* End PBXNativeTarget section */

/* Begin PBXProject section */
		DD8F005D22985048009E10A1 /* Project object */ = {
			isa = PBXProject;
			attributes = {
				LastSwiftUpdateCheck = 1020;
				LastUpgradeCheck = 1020;
				ORGANIZATIONNAME = "Amin Amjadi";
				TargetAttributes = {
					DD8F006422985048009E10A1 = {
						CreatedOnToolsVersion = 10.2.1;
					};
				};
			};
			buildConfigurationList = DD8F006022985048009E10A1 /* Build configuration list for PBXProject "SCMovieApp" */;
			compatibilityVersion = "Xcode 9.3";
			developmentRegion = en;
			hasScannedForEncodings = 0;
			knownRegions = (
				en,
				Base,
			);
			mainGroup = DD8F005C22985048009E10A1;
			productRefGroup = DD8F006622985049009E10A1 /* Products */;
			projectDirPath = "";
			projectRoot = "";
			targets = (
				DD8F006422985048009E10A1 /* SCMovieApp */,
			);
		};
/* End PBXProject section */

/* Begin PBXResourcesBuildPhase section */
		DD8F006322985048009E10A1 /* Resources */ = {
			isa = PBXResourcesBuildPhase;
			buildActionMask = 2147483647;
			files = (
				DD8F00762298504B009E10A1 /* LaunchScreen.storyboard in Resources */,
				DD8F009B22986913009E10A1 /* MovieHeaderStateView.xib in Resources */,
				DD8F00732298504B009E10A1 /* Assets.xcassets in Resources */,
				DD8F0092229859ED009E10A1 /* MovieTableViewCell.xib in Resources */,
				DD8F006E22985049009E10A1 /* Main.storyboard in Resources */,
			);
			runOnlyForDeploymentPostprocessing = 0;
		};
/* End PBXResourcesBuildPhase section */

/* Begin PBXSourcesBuildPhase section */
		DD8F006122985048009E10A1 /* Sources */ = {
			isa = PBXSourcesBuildPhase;
			buildActionMask = 2147483647;
			files = (
				DD8F006B22985049009E10A1 /* MainViewController.swift in Sources */,
				DD8F00A122987683009E10A1 /* UISearchControllerExtension.swift in Sources */,
				DD8F008B2298572C009E10A1 /* UIColorExtension.swift in Sources */,
				DD8F009922986602009E10A1 /* TagView.swift in Sources */,
				DD8F006922985049009E10A1 /* AppDelegate.swift in Sources */,
				DD8F008522985104009E10A1 /* ManagedObjectExtension.swift in Sources */,
				DD8F007122985049009E10A1 /* SCMovieApp.xcdatamodeld in Sources */,
				DD8F008622985104009E10A1 /* PersistentContainerExtensions.swift in Sources */,
				DD8F0096229865D8009E10A1 /* MovieDetailViewController.swift in Sources */,
				DD8F009422986136009E10A1 /* CALayerExtension.swift in Sources */,
				DD8F009F22987262009E10A1 /* UIViewXRadialGradient.swift in Sources */,
				DD8F008F229859CD009E10A1 /* MovieTableViewCell.swift in Sources */,
				DD8F009D22986E7A009E10A1 /* MovieHeaderStateView.swift in Sources */,
				DD8F008422985104009E10A1 /* ContextExtension.swift in Sources */,
			);
			runOnlyForDeploymentPostprocessing = 0;
		};
/* End PBXSourcesBuildPhase section */

/* Begin PBXVariantGroup section */
		DD8F006C22985049009E10A1 /* Main.storyboard */ = {
			isa = PBXVariantGroup;
			children = (
				DD8F006D22985049009E10A1 /* Base */,
			);
			name = Main.storyboard;
			sourceTree = "<group>";
		};
		DD8F00742298504B009E10A1 /* LaunchScreen.storyboard */ = {
			isa = PBXVariantGroup;
			children = (
				DD8F00752298504B009E10A1 /* Base */,
			);
			name = LaunchScreen.storyboard;
			sourceTree = "<group>";
		};
/* End PBXVariantGroup section */

/* Begin XCBuildConfiguration section */
		DD8F00782298504B009E10A1 /* Debug */ = {
			isa = XCBuildConfiguration;
			buildSettings = {
				ALWAYS_SEARCH_USER_PATHS = NO;
				CLANG_ANALYZER_NONNULL = YES;
				CLANG_ANALYZER_NUMBER_OBJECT_CONVERSION = YES_AGGRESSIVE;
				CLANG_CXX_LANGUAGE_STANDARD = "gnu++14";
				CLANG_CXX_LIBRARY = "libc++";
				CLANG_ENABLE_MODULES = YES;
				CLANG_ENABLE_OBJC_ARC = YES;
				CLANG_ENABLE_OBJC_WEAK = YES;
				CLANG_WARN_BLOCK_CAPTURE_AUTORELEASING = YES;
				CLANG_WARN_BOOL_CONVERSION = YES;
				CLANG_WARN_COMMA = YES;
				CLANG_WARN_CONSTANT_CONVERSION = YES;
				CLANG_WARN_DEPRECATED_OBJC_IMPLEMENTATIONS = YES;
				CLANG_WARN_DIRECT_OBJC_ISA_USAGE = YES_ERROR;
				CLANG_WARN_DOCUMENTATION_COMMENTS = YES;
				CLANG_WARN_EMPTY_BODY = YES;
				CLANG_WARN_ENUM_CONVERSION = YES;
				CLANG_WARN_INFINITE_RECURSION = YES;
				CLANG_WARN_INT_CONVERSION = YES;
				CLANG_WARN_NON_LITERAL_NULL_CONVERSION = YES;
				CLANG_WARN_OBJC_IMPLICIT_RETAIN_SELF = YES;
				CLANG_WARN_OBJC_LITERAL_CONVERSION = YES;
				CLANG_WARN_OBJC_ROOT_CLASS = YES_ERROR;
				CLANG_WARN_RANGE_LOOP_ANALYSIS = YES;
				CLANG_WARN_STRICT_PROTOTYPES = YES;
				CLANG_WARN_SUSPICIOUS_MOVE = YES;
				CLANG_WARN_UNGUARDED_AVAILABILITY = YES_AGGRESSIVE;
				CLANG_WARN_UNREACHABLE_CODE = YES;
				CLANG_WARN__DUPLICATE_METHOD_MATCH = YES;
				CODE_SIGN_IDENTITY = "iPhone Developer";
				COPY_PHASE_STRIP = NO;
				DEBUG_INFORMATION_FORMAT = dwarf;
				ENABLE_STRICT_OBJC_MSGSEND = YES;
				ENABLE_TESTABILITY = YES;
				GCC_C_LANGUAGE_STANDARD = gnu11;
				GCC_DYNAMIC_NO_PIC = NO;
				GCC_NO_COMMON_BLOCKS = YES;
				GCC_OPTIMIZATION_LEVEL = 0;
				GCC_PREPROCESSOR_DEFINITIONS = (
					"DEBUG=1",
					"$(inherited)",
				);
				GCC_WARN_64_TO_32_BIT_CONVERSION = YES;
				GCC_WARN_ABOUT_RETURN_TYPE = YES_ERROR;
				GCC_WARN_UNDECLARED_SELECTOR = YES;
				GCC_WARN_UNINITIALIZED_AUTOS = YES_AGGRESSIVE;
				GCC_WARN_UNUSED_FUNCTION = YES;
				GCC_WARN_UNUSED_VARIABLE = YES;
				IPHONEOS_DEPLOYMENT_TARGET = 12.2;
				MTL_ENABLE_DEBUG_INFO = INCLUDE_SOURCE;
				MTL_FAST_MATH = YES;
				ONLY_ACTIVE_ARCH = YES;
				SDKROOT = iphoneos;
				SWIFT_ACTIVE_COMPILATION_CONDITIONS = DEBUG;
				SWIFT_OPTIMIZATION_LEVEL = "-Onone";
			};
			name = Debug;
		};
		DD8F00792298504B009E10A1 /* Release */ = {
			isa = XCBuildConfiguration;
			buildSettings = {
				ALWAYS_SEARCH_USER_PATHS = NO;
				CLANG_ANALYZER_NONNULL = YES;
				CLANG_ANALYZER_NUMBER_OBJECT_CONVERSION = YES_AGGRESSIVE;
				CLANG_CXX_LANGUAGE_STANDARD = "gnu++14";
				CLANG_CXX_LIBRARY = "libc++";
				CLANG_ENABLE_MODULES = YES;
				CLANG_ENABLE_OBJC_ARC = YES;
				CLANG_ENABLE_OBJC_WEAK = YES;
				CLANG_WARN_BLOCK_CAPTURE_AUTORELEASING = YES;
				CLANG_WARN_BOOL_CONVERSION = YES;
				CLANG_WARN_COMMA = YES;
				CLANG_WARN_CONSTANT_CONVERSION = YES;
				CLANG_WARN_DEPRECATED_OBJC_IMPLEMENTATIONS = YES;
				CLANG_WARN_DIRECT_OBJC_ISA_USAGE = YES_ERROR;
				CLANG_WARN_DOCUMENTATION_COMMENTS = YES;
				CLANG_WARN_EMPTY_BODY = YES;
				CLANG_WARN_ENUM_CONVERSION = YES;
				CLANG_WARN_INFINITE_RECURSION = YES;
				CLANG_WARN_INT_CONVERSION = YES;
				CLANG_WARN_NON_LITERAL_NULL_CONVERSION = YES;
				CLANG_WARN_OBJC_IMPLICIT_RETAIN_SELF = YES;
				CLANG_WARN_OBJC_LITERAL_CONVERSION = YES;
				CLANG_WARN_OBJC_ROOT_CLASS = YES_ERROR;
				CLANG_WARN_RANGE_LOOP_ANALYSIS = YES;
				CLANG_WARN_STRICT_PROTOTYPES = YES;
				CLANG_WARN_SUSPICIOUS_MOVE = YES;
				CLANG_WARN_UNGUARDED_AVAILABILITY = YES_AGGRESSIVE;
				CLANG_WARN_UNREACHABLE_CODE = YES;
				CLANG_WARN__DUPLICATE_METHOD_MATCH = YES;
				CODE_SIGN_IDENTITY = "iPhone Developer";
				COPY_PHASE_STRIP = NO;
				DEBUG_INFORMATION_FORMAT = "dwarf-with-dsym";
				ENABLE_NS_ASSERTIONS = NO;
				ENABLE_STRICT_OBJC_MSGSEND = YES;
				GCC_C_LANGUAGE_STANDARD = gnu11;
				GCC_NO_COMMON_BLOCKS = YES;
				GCC_WARN_64_TO_32_BIT_CONVERSION = YES;
				GCC_WARN_ABOUT_RETURN_TYPE = YES_ERROR;
				GCC_WARN_UNDECLARED_SELECTOR = YES;
				GCC_WARN_UNINITIALIZED_AUTOS = YES_AGGRESSIVE;
				GCC_WARN_UNUSED_FUNCTION = YES;
				GCC_WARN_UNUSED_VARIABLE = YES;
				IPHONEOS_DEPLOYMENT_TARGET = 12.2;
				MTL_ENABLE_DEBUG_INFO = NO;
				MTL_FAST_MATH = YES;
				SDKROOT = iphoneos;
				SWIFT_COMPILATION_MODE = wholemodule;
				SWIFT_OPTIMIZATION_LEVEL = "-O";
				VALIDATE_PRODUCT = YES;
			};
			name = Release;
		};
		DD8F007B2298504B009E10A1 /* Debug */ = {
			isa = XCBuildConfiguration;
			buildSettings = {
				ASSETCATALOG_COMPILER_APPICON_NAME = AppIcon;
				CODE_SIGN_STYLE = Automatic;
				DEVELOPMENT_TEAM = 4VXGM6Y76M;
				INFOPLIST_FILE = "$(SRCROOT)/SCMovieApp/SupportingFiles/Info.plist";
				LD_RUNPATH_SEARCH_PATHS = (
					"$(inherited)",
					"@executable_path/Frameworks",
				);
				PRODUCT_BUNDLE_IDENTIFIER = com.Gravisun.SCMovieApp;
				PRODUCT_NAME = "$(TARGET_NAME)";
				SWIFT_VERSION = 5.0;
				TARGETED_DEVICE_FAMILY = "1,2";
			};
			name = Debug;
		};
		DD8F007C2298504B009E10A1 /* Release */ = {
			isa = XCBuildConfiguration;
			buildSettings = {
				ASSETCATALOG_COMPILER_APPICON_NAME = AppIcon;
				CODE_SIGN_STYLE = Automatic;
				DEVELOPMENT_TEAM = 4VXGM6Y76M;
				INFOPLIST_FILE = "$(SRCROOT)/SCMovieApp/SupportingFiles/Info.plist";
				LD_RUNPATH_SEARCH_PATHS = (
					"$(inherited)",
					"@executable_path/Frameworks",
				);
				PRODUCT_BUNDLE_IDENTIFIER = com.Gravisun.SCMovieApp;
				PRODUCT_NAME = "$(TARGET_NAME)";
				SWIFT_VERSION = 5.0;
				TARGETED_DEVICE_FAMILY = "1,2";
			};
			name = Release;
		};
/* End XCBuildConfiguration section */

/* Begin XCConfigurationList section */
		DD8F006022985048009E10A1 /* Build configuration list for PBXProject "SCMovieApp" */ = {
			isa = XCConfigurationList;
			buildConfigurations = (
				DD8F00782298504B009E10A1 /* Debug */,
				DD8F00792298504B009E10A1 /* Release */,
			);
			defaultConfigurationIsVisible = 0;
			defaultConfigurationName = Release;
		};
		DD8F007A2298504B009E10A1 /* Build configuration list for PBXNativeTarget "SCMovieApp" */ = {
			isa = XCConfigurationList;
			buildConfigurations = (
				DD8F007B2298504B009E10A1 /* Debug */,
				DD8F007C2298504B009E10A1 /* Release */,
			);
			defaultConfigurationIsVisible = 0;
			defaultConfigurationName = Release;
		};
/* End XCConfigurationList section */

/* Begin XCVersionGroup section */
		DD8F006F22985049009E10A1 /* SCMovieApp.xcdatamodeld */ = {
			isa = XCVersionGroup;
			children = (
				DD8F007022985049009E10A1 /* SCMovieApp.xcdatamodel */,
			);
			currentVersion = DD8F007022985049009E10A1 /* SCMovieApp.xcdatamodel */;
			path = SCMovieApp.xcdatamodeld;
			sourceTree = "<group>";
			versionGroupType = wrapper.xcdatamodel;
		};
/* End XCVersionGroup section */
	};
	rootObject = DD8F005D22985048009E10A1 /* Project object */;
}
